# THIS IS AN AUTOGENERATED FILE. DO NOT EDIT THIS FILE DIRECTLY.
assets/FontAwesome.otf:
  development: 2017-01-19T08:09:25+11:00   8daab3c4f8252e0c3a3069ac0913b4a4
  production: 2016-10-17T13:20:45+11:00
  uat: 2017-02-08T21:54:45+11:00
assets/ajax-cart.js.liquid:
  development: 2017-01-19T08:09:23+11:00   6a0bf757efc95cf85701d71c5b31d339
  production: 2016-10-17T13:20:43+11:00
  uat: 2017-02-08T21:54:38+11:00
assets/amex.png:
  development: 2017-01-19T08:09:23+11:00   c49a4247984b3732a4af50a3390aa978
  production: 2016-10-17T13:20:43+11:00
  uat: 2017-02-08T21:54:39+11:00
assets/blank.gif:
  development: 2017-01-19T08:09:23+11:00   325472601571f31e1bf00674c368d335
  production: 2016-10-17T13:20:43+11:00
  uat: 2017-02-08T21:54:39+11:00
assets/card.gift-card.jpg:
  development: 2017-01-19T08:09:23+11:00   d138afb15fea8f4b38315f55de8bac73
  production: 2016-10-17T13:20:43+11:00
  uat: 2017-02-08T21:54:39+11:00
assets/checkout.css.liquid:
  development: 2017-01-19T08:09:23+11:00   f9a6d8273b402dc8f0b26b2b8c58e28e
  production: 2016-10-17T13:20:43+11:00
  uat: 2017-02-08T21:54:39+11:00
assets/close.png:
  development: 2017-01-19T08:09:23+11:00   2616e0aacf34ccaaf271ba248a2ed374
  production: 2016-10-17T13:20:44+11:00
  uat: 2017-02-08T21:54:39+11:00
assets/corner-bottom-left.gift-card.png:
  development: 2017-01-19T08:09:23+11:00   c3f01eaef44d4ac3be84598e67be2ed8
  production: 2016-10-17T13:20:44+11:00
  uat: 2017-02-08T21:54:39+11:00
assets/corner-bottom-right.gift-card.png:
  development: 2017-01-19T08:09:23+11:00   6e9f39539a9f0643f51aa41019f4f2d8
  production: 2016-10-17T13:20:44+11:00
  uat: 2017-02-08T21:54:40+11:00
assets/corner-bottom-right.gift-card.svg:
  development: 2017-01-19T08:09:23+11:00   c09a76b60894aec587025cdf9b7fa8fd
  production: 2016-10-17T13:20:44+11:00
  uat: 2017-02-08T21:54:40+11:00
assets/corner-top-left.gift-card.png:
  development: 2017-01-19T08:09:23+11:00   f6d0d5252451d3b47b5d7ec1b77705e5
  production: 2016-10-17T13:20:44+11:00
  uat: 2017-02-08T21:54:40+11:00
assets/corner-top-left.gift-card.svg:
  development: 2017-01-19T08:09:24+11:00   1275ce20f1c9234f8c574055a0d2dfe6
  production: 2016-10-17T13:20:44+11:00
  uat: 2017-02-08T21:54:40+11:00
assets/corner-top-right.gift-card.png:
  development: 2017-01-19T08:09:24+11:00   906dd01338931b7fee73440e2892dbb6
  production: 2016-10-17T13:20:44+11:00
  uat: 2017-02-08T21:54:40+11:00
assets/custom.css.liquid:
  development: 2017-01-19T08:09:24+11:00   a618f7bce5114d81beec03607d21195d
  production: 2016-10-18T10:28:51+11:00
  uat: 2017-02-08T21:54:40+11:00
assets/dankort.png:
  development: 2017-01-19T08:09:24+11:00   2920290bbf4896e79bce6e4169dd0a82
  production: 2016-10-17T13:20:44+11:00
  uat: 2017-02-08T21:54:41+11:00
assets/diners.png:
  development: 2017-01-19T08:09:24+11:00   06d85186ba858c18ab7c9caa42c92024
  production: 2016-10-17T13:20:44+11:00
  uat: 2017-02-08T21:54:41+11:00
assets/discover.png:
  development: 2017-01-19T08:09:24+11:00   6c0a386a00307f87db7bea366cca35f5
  production: 2016-10-17T13:20:44+11:00
  uat: 2017-02-08T21:54:41+11:00
assets/fancybox_overlay.png:
  development: 2017-01-19T08:09:24+11:00   77aeaa52715b898b73c74d68c630330e
  production: 2016-10-17T13:20:44+11:00
  uat: 2017-02-08T21:54:41+11:00
assets/favicon.png:
  development: 2017-01-19T08:09:24+11:00   5e18ee1f56a3ee441c0316e2f31ec9a1
  production: 2016-10-18T10:24:27+11:00
  uat: 2017-02-08T21:54:41+11:00
assets/flaticon.eot:
  development: 2017-01-19T08:09:24+11:00   76fa111efc9fafa9984df6d73eae0dec
  production: 2016-12-06T16:47:06+11:00
  uat: 2017-02-08T21:54:41+11:00
assets/flaticon.svg:
  development: 2017-01-19T08:09:24+11:00   ca21aea7bc7b23d9ff1a8ca90bfd7fcb
  production: 2016-12-06T16:47:25+11:00
  uat: 2017-02-08T21:54:42+11:00
assets/flaticon.ttf:
  development: 2017-01-19T08:09:24+11:00   3f967ae8c02fa79565e45b075015e935
  production: 2016-12-06T16:47:41+11:00
  uat: 2017-02-08T21:54:42+11:00
assets/flaticon.woff:
  development: 2017-01-19T08:09:24+11:00   b11e2f7d3a64c713ec57b3d84be53a88
  production: 2016-12-06T16:47:53+11:00
  uat: 2017-02-08T21:54:42+11:00
assets/flexslider-icon.eot:
  development: 2017-01-19T08:09:24+11:00   9c9cb7a6055043933ba68854f521af45
  production: 2016-10-17T13:20:44+11:00
  uat: 2017-02-08T21:54:42+11:00
assets/flexslider-icon.svg:
  development: 2017-01-19T08:09:24+11:00   10e8a5455c4522c48aa975eacd4f0023
  production: 2016-10-17T13:20:44+11:00
  uat: 2017-02-08T21:54:42+11:00
assets/flexslider-icon.ttf:
  development: 2017-01-19T08:09:25+11:00   b4c9e5057989b9727a5df4e0a21af33c
  production: 2016-10-17T13:20:44+11:00
  uat: 2017-02-08T21:54:42+11:00
assets/flexslider-icon.woff:
  development: 2017-01-19T08:09:25+11:00   f8b92f66539473eea649c8514eb836a0
  production: 2016-10-17T13:20:45+11:00
  uat: 2017-02-08T21:54:42+11:00
assets/flexslider.css.liquid:
  development: 2017-01-19T08:09:25+11:00   65d3d65dfef02766dbdda5c9e0c5e6c6
  production: 2016-10-17T13:20:45+11:00
  uat: 2017-02-08T21:54:42+11:00
assets/font-awesome-ie7.css:
  development: 2017-01-19T08:09:25+11:00   2984ce7c2ee292a2a6ef882ca55c4264
  production: 2016-10-17T13:20:45+11:00
  uat: 2017-02-08T21:54:43+11:00
assets/font-awesome.css:
  development: 2017-01-19T08:09:25+11:00   68e3bdb008d958efc34cd0a758767c19
  production: 2016-12-06T08:41:31+11:00
  uat: 2017-02-08T21:54:43+11:00
assets/fontawesome-webfont.eot:
  development: 2017-01-19T08:09:25+11:00   5ae23ad29b67289a1375d2043e289c52
  production: 2016-10-17T13:20:45+11:00
  uat: 2017-02-08T21:54:44+11:00
assets/fontawesome-webfont.svg:
  development: 2017-01-19T08:09:25+11:00   f99a231ed57ee113b50b1c3e9f9fcdc3
  production: 2016-10-17T13:20:45+11:00
  uat: 2017-02-08T21:54:44+11:00
assets/fontawesome-webfont.ttf:
  development: 2017-01-19T08:09:25+11:00   8cca2f02b0af2da365ff4d1755f29146
  production: 2016-10-17T13:20:45+11:00
  uat: 2017-02-08T21:54:44+11:00
assets/fontawesome-webfont.woff:
  development: 2017-01-19T08:09:25+11:00   b683029bafe0305ac2234038a03e1541
  production: 2016-10-17T13:20:45+11:00
  uat: 2017-02-08T21:54:44+11:00
assets/forbru.png:
  development: 2017-01-19T08:09:26+11:00   8c189c88bbcbd319ca567978402c42ce
  production: 2016-10-17T13:20:45+11:00
  uat: 2017-02-08T21:54:45+11:00
assets/google.png:
  development: 2017-01-19T08:09:26+11:00   77181a04594c981f03d332dee908fc00
  production: 2016-10-17T13:20:45+11:00
  uat: 2017-02-08T21:54:45+11:00
assets/googlecheckout.png:
  development: 2017-01-19T08:09:26+11:00   77181a04594c981f03d332dee908fc00
  production: 2016-10-17T13:20:45+11:00
  uat: 2017-02-08T21:54:45+11:00
assets/handlebars.min.js:
  development: 2017-01-19T08:09:26+11:00   b3c11508a224ee83f86e2fc6491e9751
  production: 2016-10-17T13:20:46+11:00
  uat: 2017-02-08T21:54:45+11:00
assets/icon-bug.gift-card.png:
  development: 2017-01-19T08:09:26+11:00   342e26efccd00ac7c8a724f67808112b
  production: 2016-10-17T13:20:46+11:00
  uat: 2017-02-08T21:54:46+11:00
assets/icon-email.gift-card.png:
  development: 2017-01-19T08:09:26+11:00   4ff30f273247cec30cb5b2473a630433
  production: 2016-10-17T13:20:46+11:00
  uat: 2017-02-08T21:54:46+11:00
assets/icon-email.gift-card.svg:
  development: 2017-01-19T08:09:26+11:00   9de72e85a7ccdc95763f8c6c756fb3b4
  production: 2016-10-17T13:20:46+11:00
  uat: 2017-02-08T21:54:46+11:00
assets/icon-print.gift-card.png:
  development: 2017-01-19T08:09:26+11:00   b71f0fadc8715f245bb0cea345818b48
  production: 2016-10-17T13:20:46+11:00
  uat: 2017-02-08T21:54:46+11:00
assets/icon-print.gift-card.svg:
  development: 2017-01-19T08:09:26+11:00   0c5f2dfbae84298216ede0d35a6d18d5
  production: 2016-10-17T13:20:46+11:00
  uat: 2017-02-08T21:54:46+11:00
assets/ie8.css.liquid:
  development: 2017-01-19T08:09:26+11:00   4024dbdad66b9c266f77ab1bf8176e1e
  production: 2016-10-17T13:20:46+11:00
  uat: 2017-02-08T21:54:46+11:00
assets/image1.jpg:
  development: 2017-01-19T08:09:27+11:00   970c199bb300a417dcc43a1c1437a525
  production: 2017-08-23T06:51:46+10:00
  uat: 2017-02-08T21:54:47+11:00
assets/image2.jpg:
  development: 2017-01-19T08:09:27+11:00   3fb0257992fe1952f8b382e4a48e9141
  production: 2017-08-23T06:51:47+10:00
  uat: 2017-02-08T21:54:47+11:00
assets/image3.jpg:
  development: 2017-01-19T08:09:27+11:00   51f902ceeeb2e52343a21f2d8078deda
  production: 2017-08-23T06:51:47+10:00
  uat: 2017-02-08T21:54:48+11:00
assets/image4.jpg:
  development: 2017-01-19T08:09:27+11:00   e5013f474ed2f214a8c718e2ab4dbb72
  production: 2017-08-23T06:51:48+10:00
  uat: 2017-02-08T21:54:48+11:00
assets/image5.jpg:
  development: 2017-01-19T08:09:27+11:00   a5ac1233a107335c92bed61e23a9f8ee
  production: 2017-08-23T06:51:48+10:00
  uat: 2017-02-08T21:54:48+11:00
assets/instafeed.js:
  development: 2017-01-19T08:09:27+11:00   7db69ba62ef6c3e9ce62a1763e4ef801
  production: 2016-10-17T13:20:47+11:00
  uat: 2017-02-08T21:54:49+11:00
assets/jcb.png:
  development: 2017-01-19T08:09:28+11:00   07e0942d16c5592118b72e74f2f7198c
  production: 2016-10-17T13:20:47+11:00
  uat: 2017-02-08T21:54:49+11:00
assets/jquery-1.9.0.min.js:
  development: 2017-01-19T08:09:28+11:00   0652da382b6fceb033dfe2b6c06d4d11
  production: 2016-10-17T13:20:47+11:00
  uat: 2017-02-08T21:54:49+11:00
assets/jquery.backstretch.min.js:
  development: 2017-01-19T08:09:28+11:00   501fc310ffc9a8bca0c01cfeff40acab
  production: 2016-10-17T13:20:47+11:00
  uat: 2017-02-08T21:54:49+11:00
assets/jquery.bxslider.min.js:
  development: 2017-01-19T08:09:28+11:00   697d69a48e5356f7106e38c09f7f19e0
  production: 2016-10-17T13:20:47+11:00
  uat: 2017-02-08T21:54:50+11:00
assets/jquery.cookie.js:
  development: 2017-01-19T08:09:28+11:00   01abdf07326b8915489c66df208ffa9d
  production: 2016-10-17T13:20:47+11:00
  uat: 2017-02-08T21:54:50+11:00
assets/jquery.currencies.min.js:
  development: 2017-06-14T22:03:50+10:00   24b4622d4a793b735d6c0dc03beeeaf7
  production: 2017-06-16T13:21:42+10:00
  uat: 2017-06-14T22:04:43+10:00
assets/jquery.duaccordian.js:
  development: 2017-06-14T20:17:52+10:00
  production: 2017-06-14T20:20:54+10:00
  uat: 2017-08-27T17:52:15+10:00   a3721ea0b122386c249166138dcb2c53
assets/jquery.dusticky.js:
  development: 2017-02-14T21:44:16+11:00   484ecfcbe1359d01a46af7268be2f788
  production: 2017-06-14T17:52:51+10:00
  uat: 2017-02-14T21:58:48+11:00
assets/jquery.easing.1.3.js:
  development: 2017-01-19T08:09:28+11:00   6516449ed5089677ed3d7e2f11fc8942
  production: 2017-06-14T17:52:53+10:00
  uat: 2017-02-14T21:58:50+11:00
assets/jquery.fancybox.css.liquid:
  development: 2017-01-19T08:09:29+11:00   c22ef4de0d377bd6ecbb3fcb17816615
  production: 2016-10-17T13:20:48+11:00
  uat: 2017-02-08T21:54:50+11:00
assets/jquery.fancybox.js:
  development: 2017-02-14T21:44:17+11:00   d0b72ae75679fa1ffb7d21385030e277
  production: 2017-06-14T17:53:02+10:00
  uat: 2017-02-14T21:58:52+11:00
assets/jquery.flexslider.js:
  development: 2017-01-19T08:09:29+11:00   0d1748e8a11f368a3d3ac347a178531e
  production: 2016-10-17T13:20:48+11:00
  uat: 2017-02-08T21:54:51+11:00
assets/jquery.fs.selecter-arrow.png:
  development: 2017-01-19T08:09:29+11:00   882b0a54d8847b8720e1535ed679833d
  production: 2016-10-17T13:20:48+11:00
  uat: 2017-02-08T21:54:51+11:00
assets/jquery.fs.selecter.css.liquid:
  development: 2017-01-19T08:09:29+11:00   1e2695a8aec89feb28fc90114dcc7efb
  production: 2016-10-17T13:20:48+11:00
  uat: 2017-02-08T21:54:51+11:00
assets/jquery.fs.selecter.min.js:
  development: 2017-01-19T08:09:29+11:00   60af644d444618addfc438f23983509c
  production: 2016-10-17T13:20:48+11:00
  uat: 2017-02-08T21:54:51+11:00
assets/jquery.fs.shifter-icon.png:
  development: 2017-01-19T08:09:29+11:00   70ca81cfb1c7c51115a577746e3d483d
  production: 2016-10-17T13:20:48+11:00
  uat: 2017-02-08T21:54:51+11:00
assets/jquery.fs.shifter.js:
  development: 2017-01-19T08:09:29+11:00   9a1a64525b96b9952aa5b223d9aa75e3
  production: 2016-10-17T13:20:48+11:00
  uat: 2017-02-08T21:54:51+11:00
assets/jquery.mousewheel-3.0.6.pack.js:
  development: 2017-01-19T08:09:29+11:00   fde6509fae2cafdb6d97e4a9a60cce66
  production: 2016-10-17T13:20:48+11:00
  uat: 2017-02-08T21:54:51+11:00
assets/jquery.placeholder.js:
  development: 2017-01-19T08:09:29+11:00   6e5b889042b348bdee267ceecbe4159d
  production: 2016-10-17T13:20:48+11:00
  uat: 2017-02-08T21:54:51+11:00
assets/jquery.products.min.js:
  development: 2017-01-19T08:09:29+11:00   1424f5a203a33f9e283a0fe1728b7d56
  production: 2016-10-17T13:20:49+11:00
  uat: 2017-02-08T21:54:52+11:00
assets/jquery.zoom.js:
  development: 2017-01-19T08:09:30+11:00   c4bd61e361d7942c2af8b4a5e8e8ab73
  production: 2016-10-17T13:20:49+11:00
  uat: 2017-02-08T21:54:52+11:00
assets/logo.png:
  development: 2017-01-19T08:09:30+11:00   236fcdd7c9f5046291310fad33ec4f13
  production: 2016-11-15T19:44:53+11:00
  uat: 2017-02-08T21:54:52+11:00
assets/maestro.png:
  development: 2017-01-19T08:09:30+11:00   e533b92bfb50339fdbfa79e3dfe81f08
  production: 2016-10-17T13:20:49+11:00
  uat: 2017-02-08T21:54:52+11:00
assets/mastercard.png:
  development: 2017-01-19T08:09:30+11:00   6f6cdc29ee2e22e06b1ac029cb52ef71
  production: 2016-10-17T13:20:49+11:00
  uat: 2017-02-08T21:54:52+11:00
assets/modal-gloss.png:
  development: 2017-01-19T08:09:30+11:00   14ac18a2f0348c88734800f89bba0fdc
  production: 2016-10-17T13:20:49+11:00
  uat: 2017-02-08T21:54:52+11:00
assets/modernizr.gift-card.js:
  development: 2017-01-19T08:09:30+11:00   a041527af2b5b1148dd228f0d18a7cfe
  production: 2016-10-17T13:20:49+11:00
  uat: 2017-02-08T21:54:52+11:00
assets/nav_promo.jpg:
  development: 2017-01-19T08:09:30+11:00   7c3a3cd2c758c021dfe4ed96ac82cbb8
  production: 2016-10-17T13:20:49+11:00
  uat: 2017-02-08T21:54:53+11:00
assets/next.png:
  development: 2017-01-19T08:09:30+11:00   198bb9b8731895e68953d05ce86dfa9b
  production: 2016-10-17T13:20:49+11:00
  uat: 2017-02-08T21:54:53+11:00
assets/pages-1-promo-background.jpg:
  development: 2017-01-19T08:09:30+11:00   8775f1d16681355b7766aeff53577416
  production: 2016-10-17T13:20:50+11:00
  uat: 2017-02-08T21:54:53+11:00
assets/pages-2-promo-background.jpg:
  development: 2017-01-19T08:09:30+11:00   31c729076983874d731fab69bcacfcf7
  production: 2016-10-17T13:20:50+11:00
  uat: 2017-02-08T21:54:53+11:00
assets/parallax-background-1.jpg:
  development: 2017-01-19T08:09:30+11:00   4ef801c38abd169ecf15411d4a14546b
  production: 2017-04-23T03:21:57+10:00
  uat: 2017-02-08T21:54:54+11:00
assets/parallax-background-2.jpg:
  development: 2017-01-19T08:09:31+11:00   a406af03e0c092c4e7a3bb341d439018
  production: 2017-04-23T03:21:57+10:00
  uat: 2017-02-08T21:54:54+11:00
assets/parallax-background-3.jpg:
  development: 2017-01-19T08:09:31+11:00   e87951cf56d208a2cbbd9543dda268a1
  production: 2017-04-23T03:28:14+10:00
  uat: 2017-02-08T21:54:54+11:00
assets/parallax-background-4.jpg:
  development: 2017-01-19T08:09:31+11:00   447cead9ea73e2891296d83c5ddb8f2b
  production: 2016-10-17T13:20:50+11:00
  uat: 2017-02-08T21:54:55+11:00
assets/parallax-background-5.jpg:
  development: 2017-01-19T08:09:31+11:00   ac360912d613c28a65c9dfd35a0e9807
  production: 2016-10-17T13:20:50+11:00
  uat: 2017-02-08T21:54:55+11:00
assets/password-page-background.jpg:
  development: 2017-01-19T08:09:31+11:00   444a4b222f76009ed9b821371567a1cb
  production: 2016-10-17T13:20:51+11:00
  uat: 2017-02-08T21:54:55+11:00
assets/pattern.png:
  development: 2017-01-19T08:09:31+11:00   1b01d0689ea696bee4283fa6d2c98850
  production: 2016-10-17T13:20:51+11:00
  uat: 2017-02-08T21:54:55+11:00
assets/paypa.png:
  development: 2017-01-19T08:09:31+11:00   8e06c094c1871376dfea1da8088c29d1
  production: 2016-10-17T13:20:51+11:00
  uat: 2017-02-08T21:54:55+11:00
assets/pd-product-galleria.js:
  development: 2017-02-14T21:47:12+11:00   174f709f276a3c9493cfecaea5437ac2
  production: 2017-06-14T17:53:34+10:00
  uat: 2017-02-14T21:59:04+11:00
assets/placeholder.jpg:
  development: 2017-01-19T08:09:32+11:00   43e05c459a23c3fbd70f896d05f3a2f3
  production: 2016-10-17T13:20:51+11:00
  uat: 2017-02-08T21:54:56+11:00
assets/popup-image.jpg:
  development: 2017-01-19T08:09:32+11:00   8fe71b5091fd5521b06a1922bdc382dc
  production: 2016-10-17T13:20:51+11:00
  uat: 2017-02-08T21:54:56+11:00
assets/prev.png:
  development: 2017-01-19T08:09:32+11:00   995c02d0d9b1f174cf2aba265299c75e
  production: 2016-10-17T13:20:51+11:00
  uat: 2017-02-08T21:54:56+11:00
assets/promo1.jpg:
  development: 2017-01-19T08:09:32+11:00   6d9fadc55aec71219b1de3eab1117109
  production: 2016-12-14T18:13:08+11:00
  uat: 2017-02-08T21:54:56+11:00
assets/promo2.jpg:
  development: 2017-01-19T08:09:32+11:00   8a23aaa17fde3fe58e953c2887b213a5
  production: 2016-12-14T18:18:04+11:00
  uat: 2017-02-08T21:54:56+11:00
assets/promo3.jpg:
  development: 2017-01-19T08:09:32+11:00   eb4da43dcda3a7bf092905de2598d631
  production: 2016-12-14T18:13:26+11:00
  uat: 2017-02-08T21:54:56+11:00
assets/queries.css.liquid:
  development: 2017-08-27T17:31:48+10:00   a5aade481ab4eef860bc9102edb34ef6
  production: 2016-12-17T17:20:33+11:00
  uat: 2017-02-08T21:54:56+11:00
assets/select-arrow.png:
  development: 2017-01-19T08:09:32+11:00   7c8efc136ac482b05038aac5eadfb230
  production: 2016-10-17T13:20:52+11:00
  uat: 2017-02-08T21:54:57+11:00
assets/select.js:
  development: 2017-01-19T08:09:32+11:00   cbb177e6e00b8ad99c4b53bf66d7b9d4
  production: 2016-10-17T13:20:52+11:00
  uat: 2017-02-08T21:54:57+11:00
assets/select.png:
  development: 2017-01-19T08:09:32+11:00   77d739473b0de9f10b8d495a9d30d5cd
  production: 2016-10-17T13:20:52+11:00
  uat: 2017-02-08T21:54:57+11:00
assets/soldout.png:
  development: 2017-01-19T08:09:32+11:00   e102fb334e89880c94740bfa11cfc7ab
  production: 2016-10-17T13:20:52+11:00
  uat: 2017-02-08T21:54:57+11:00
assets/solo.png:
  development: 2017-01-19T08:09:32+11:00   2030c3ccaccf5d5e87916a62f5b084d6
  production: 2016-10-17T13:20:52+11:00
  uat: 2017-02-08T21:54:57+11:00
assets/stickySidebar.js:
  development: 2017-01-19T08:09:33+11:00   936233169ef0c95ffa8b3e6c5db7b30e
  production: 2016-10-17T13:20:52+11:00
  uat: 2017-02-08T21:54:57+11:00
assets/styles.gift-card.scss.liquid:
  development: 2017-01-19T08:09:33+11:00   c8da05371f90001154290f2bed4c1c3f
  production: 2016-10-17T13:20:52+11:00
  uat: 2017-02-08T21:54:57+11:00
assets/stylesheet.css.liquid:
  development: 2017-09-25T20:44:21+10:00   6a79a064db80688ed2d95f8a639047ee
  production: 2017-08-27T20:07:36+10:00   1959cc8ef7cd52450c3bb782790756c5
  uat: 2017-08-27T20:01:14+10:00   719144286cea3cd3243e450311e0a1c2
assets/theme.js.liquid:
  development: 2017-08-27T17:47:27+10:00   6fa787db65a977867f5affc08993db2c
  production: 2017-08-27T17:56:14+10:00   6fa787db65a977867f5affc08993db2c
  uat: 2017-08-27T17:50:26+10:00   6fa787db65a977867f5affc08993db2c
assets/transparency.png:
  development: 2017-01-19T08:09:33+11:00   7254f08e09358212be20073db5a7c09d
  production: 2016-10-17T13:20:53+11:00
  uat: 2017-02-08T21:54:58+11:00
assets/visa.png:
  development: 2017-01-19T08:09:33+11:00   3ddc4a4d25c946e8ad7e6998f30fd4e3
  production: 2016-10-17T13:20:53+11:00
  uat: 2017-02-08T21:54:58+11:00
config/settings_schema.json:
  development: 2017-06-14T22:27:38+10:00   18e88fdae92eec67abc2bb639fac6742
  production: 2017-06-16T13:21:44+10:00
  uat: 2017-06-14T22:28:56+10:00
layout/theme.liquid:
  development: 2017-06-15T23:24:47+10:00   9afc5889ac88bdb20a9c0586190771bc
  production: 2017-06-15T23:26:25+10:00
  uat: 2017-06-15T23:25:28+10:00
locales/en.default.json:
  development: 2017-01-19T08:09:34+11:00   694d36a6c196f07864d246cd127a8c31
  production: 2016-12-06T08:16:29+11:00
  uat: 2017-02-08T21:54:58+11:00
snippets/ajax-cart-template.liquid:
  development: 2017-01-19T08:09:34+11:00   c13bbc2d952a3d884ffe610bd417adee
  production: 2016-10-17T13:20:53+11:00
  uat: 2017-02-08T21:54:58+11:00
snippets/article-loop.liquid:
  development: 2017-01-19T08:09:34+11:00   3dd4ae55ac2aaccbea90cbb81bb51001
  production: 2016-10-17T13:20:53+11:00
  uat: 2017-02-08T21:54:58+11:00
snippets/backstretch.liquid:
  development: 2017-01-19T08:09:34+11:00   0affff3173bb59716b58f68e4aa166ca
  production: 2016-10-17T13:20:53+11:00
  uat: 2017-02-08T21:54:58+11:00
snippets/breadcrumb.liquid:
  development: 2017-01-19T08:09:34+11:00   d20654fbf82e031e5eb5fb652e333d63
  production: 2016-10-17T13:20:53+11:00
  uat: 2017-02-08T21:54:58+11:00
snippets/cart_laybuy.liquid:
  development: 2017-01-19T08:09:34+11:00   1f95d13288cb574ca20503a840d8210b
  production: 2016-12-15T18:34:23+11:00
  uat: 2017-02-08T21:54:58+11:00
snippets/collection-listing.liquid:
  development: 2017-01-19T08:09:34+11:00   1f129c5fbda47d33e712f211a462dbba
  production: 2016-10-17T13:20:53+11:00
  uat: 2017-02-08T21:54:59+11:00
snippets/collection-product-details.liquid:
  development: 2017-02-06T21:54:24+11:00   0c0b3f12adab9a8ec379e0cd31338490
  production: 2017-06-14T17:53:59+10:00
  uat: 2017-02-08T21:54:59+11:00
snippets/collection-sidebar.liquid:
  development: 2017-01-19T08:09:34+11:00   ba5823abd7b2512d487a2c14148de538
  production: 2016-10-17T13:20:53+11:00
  uat: 2017-02-08T21:54:59+11:00
snippets/contact.liquid:
  development: 2017-01-19T08:09:34+11:00   d1f06c9734319d1ce7329a4e9f56902a
  production: 2016-12-15T14:36:49+11:00
  uat: 2017-02-08T21:54:59+11:00
snippets/currencies-switcher.liquid:
  development: 2017-01-19T08:09:34+11:00   8cbc71c306dc6d85463540cd4306f4b3
  production: 2016-10-17T13:20:53+11:00
  uat: 2017-02-08T21:54:59+11:00
snippets/currencies.liquid:
  development: 2017-06-14T21:21:17+10:00   7703a608d61bd567760a6641f398d54c
  production: 2016-10-17T13:20:53+11:00
  uat: 2017-02-08T21:54:59+11:00
snippets/flexslider.liquid:
  development: 2017-01-22T14:34:59+11:00   57e3d2d81d3c8f6b7eaf93b0cc64c947
  production: 2017-01-22T11:43:11+11:00
  uat: 2017-02-08T21:54:59+11:00
snippets/google-fonts.liquid:
  development: 2017-01-19T08:09:34+11:00   8349d78f6103fc56ab5b24860a77abb0
  production: 2016-10-17T13:20:53+11:00
  uat: 2017-02-08T21:54:59+11:00
snippets/grid-images.liquid:
  development: 2017-01-19T08:09:34+11:00   2987681ad258d03a5df266d1a072f35a
  production: 2016-10-17T13:20:53+11:00
  uat: 2017-02-08T21:54:59+11:00
snippets/homepage-banner_1.liquid:
  development: 2017-01-19T08:09:34+11:00   8b87addc1d13879d0b187c8077e4b4c1
  production: 2016-10-17T13:20:53+11:00
  uat: 2017-02-08T21:54:59+11:00
snippets/homepage-banner_2.liquid:
  development: 2017-01-19T08:09:34+11:00   1315bf6020f4f552ef70dc7b6c08ca40
  production: 2016-10-17T13:20:54+11:00
  uat: 2017-02-08T21:54:59+11:00
snippets/homepage-banner_3.liquid:
  development: 2017-01-19T08:09:34+11:00   7741b09b78e68c22ba4197b704cec23c
  production: 2016-10-17T13:20:54+11:00
  uat: 2017-02-08T21:54:59+11:00
snippets/homepage-banner_4.liquid:
  development: 2017-01-19T08:09:34+11:00   661a548b92241971f958101aabbfbc18
  production: 2016-10-17T13:20:54+11:00
  uat: 2017-02-08T21:54:59+11:00
snippets/homepage-banner_5.liquid:
  development: 2017-01-19T08:09:34+11:00   8d1bdf449d26767c2d6e10532a406bf8
  production: 2016-10-17T13:20:54+11:00
  uat: 2017-02-08T21:54:59+11:00
snippets/homepage-blog-posts.liquid:
  development: 2017-01-19T08:09:34+11:00   85df6df5e2ce2bb92b9f37fe3ab80868
  production: 2016-10-17T13:20:54+11:00
  uat: 2017-02-08T21:54:59+11:00
snippets/homepage-collections-loop.liquid:
  development: 2017-01-19T08:09:34+11:00   61fa8f2ba94fe9f76866ac291f3592b3
  production: 2016-10-17T13:20:54+11:00
  uat: 2017-02-08T21:54:59+11:00
snippets/homepage-collections.liquid:
  development: 2017-02-06T21:54:26+11:00   62780c29a534b25908a49f68bdfe6655
  production: 2017-06-14T17:53:20+10:00
  uat: 2017-02-08T21:54:59+11:00
snippets/homepage-instagram.liquid:
  development: 2017-01-19T08:09:34+11:00   c1b50aab9c4b374e15a082830002f294
  production: 2016-10-17T13:20:54+11:00
  uat: 2017-02-08T21:54:59+11:00
snippets/homepage-products.liquid:
  development: 2017-02-06T21:54:26+11:00   a4dc584137d393affa2d27d28c8273e6
  production: 2017-06-14T17:53:21+10:00
  uat: 2017-02-08T21:54:59+11:00
snippets/homepage-promo.liquid:
  development: 2017-01-19T08:09:34+11:00   0d38520979bf2bf38051beb0974e7293
  production: 2016-10-17T13:20:54+11:00
  uat: 2017-02-08T21:54:59+11:00
snippets/homepage-social.liquid:
  development: 2017-01-19T08:09:34+11:00   236daef668348e1fe1730ca000c357c2
  production: 2016-10-17T13:20:54+11:00
  uat: 2017-02-08T21:54:59+11:00
snippets/iwish_v2.liquid:
  development: 2017-02-06T21:45:39+11:00   6f47386b6bbb598ed9c82ff65591ce61
  production: 2017-06-14T17:53:23+10:00
  uat: 2017-02-08T21:54:59+11:00
snippets/mailing.liquid:
  development: 2017-01-19T08:09:34+11:00   b74d168738b96b9b28ced3a211a1a026
  production: 2016-10-17T13:20:54+11:00
  uat: 2017-02-08T21:54:59+11:00
snippets/mobile-cart.liquid:
  development: 2017-01-19T08:09:34+11:00   8b030d0472bb7f13b629b111bb12e013
  production: 2016-12-06T17:40:28+11:00
  uat: 2017-02-08T21:54:59+11:00
snippets/mobile-navigation.liquid:
  development: 2017-01-19T08:09:34+11:00   f5ccb705afbc2a317163a6de10451ebc
  production: 2016-10-17T13:20:54+11:00
  uat: 2017-02-08T21:54:59+11:00
snippets/navigation.liquid:
  development: 2017-08-27T17:44:31+10:00   5d2118fad6e01807f8814d3982364b7b
  production: 2017-08-27T17:56:12+10:00   5d2118fad6e01807f8814d3982364b7b
  uat: 2017-08-27T17:50:24+10:00   5d2118fad6e01807f8814d3982364b7b
snippets/pagination.liquid:
  development: 2017-01-19T08:09:35+11:00   ce7acf8bcbe0bb5242cbaf37ffbebc9a
  production: 2016-10-17T13:20:54+11:00
  uat: 2017-02-08T21:54:59+11:00
snippets/popup.liquid:
  development: 2017-01-19T08:09:35+11:00   7f728015566b1f65e4d370e6f93bd629
  production: 2016-10-17T13:20:54+11:00
  uat: 2017-02-08T21:54:59+11:00
snippets/product-description.liquid:
  development: 2017-09-25T20:44:28+10:00   f9abd6ae9e98b196d5ba47347d1b68f9
  production: 2017-06-14T17:53:26+10:00
  uat: 2017-02-14T21:58:02+11:00
snippets/product-listing.liquid:
  development: 2017-06-15T23:22:48+10:00   6a6b3199249528880e9ffad9121d75f2
  production: 2017-06-16T13:21:41+10:00
  uat: 2017-06-15T23:19:41+10:00
snippets/product-photos.liquid:
  development: 2017-02-06T21:45:40+11:00   7827c9481673ffa327c262c85863c41a
  production: 2017-06-14T17:53:27+10:00
  uat: 2017-02-08T21:54:59+11:00
snippets/product-tabs.liquid:
  development: 2017-06-15T22:23:47+10:00   ea251a5c6a745bd202eb45ef985d4da4
  production: 2017-06-16T13:21:42+10:00
  uat: 2017-06-15T22:25:35+10:00
snippets/product_laybuy.liquid:
  development: 2017-01-19T08:09:35+11:00   089250cfb14f7b06459b7cd89fbcd30b
  production: 2016-12-15T18:34:24+11:00
  uat: 2017-02-08T21:54:59+11:00
snippets/quick-view.liquid:
  development: 2017-01-19T08:09:35+11:00   e4c2f54373fe727e6950ddebc21d4581
  production: 2016-10-17T13:20:54+11:00
  uat: 2017-02-08T21:54:59+11:00
snippets/recently-viewed.liquid:
  development: 2017-01-19T08:09:35+11:00   246690df10127069c15f54992b638cc5
  production: 2016-10-17T13:20:54+11:00
  uat: 2017-02-08T21:54:59+11:00
snippets/related-products.liquid:
  development: 2017-01-19T08:09:35+11:00   b2bf5288d3402b6c6b943f386cf235b5
  production: 2017-01-16T10:13:57+11:00
  uat: 2017-02-08T21:54:59+11:00
snippets/short-form.liquid:
  development: 2017-06-14T22:17:12+10:00   05308d27c299ab664bc657a37f598ac8
  production: 2017-06-16T13:21:42+10:00
  uat: 2017-06-14T22:19:38+10:00
snippets/social-media-meta-tags.liquid:
  development: 2017-01-19T08:09:35+11:00   3f1e1dc350d67763e8c92ceb14ee97fb
  production: 2016-10-17T13:20:54+11:00
  uat: 2017-02-08T21:54:59+11:00
snippets/social.liquid:
  development: 2017-01-19T08:09:35+11:00   50fe985dec6afabf45fe5bd32b615304
  production: 2016-10-17T13:20:54+11:00
  uat: 2017-02-08T21:54:59+11:00
snippets/swatch.liquid:
  development: 2017-01-19T08:09:35+11:00   24862626269fffb3aa68f1cda342286c
  production: 2016-10-17T13:20:54+11:00
  uat: 2017-02-08T21:54:59+11:00
snippets/tag-filter.liquid:
  development: 2017-01-19T08:09:35+11:00   7f3643a49fe0cd4ee6c016e35d95fb09
  production: 2016-10-17T13:20:54+11:00
  uat: 2017-02-08T21:54:59+11:00
snippets/timber-cart.liquid:
  development: 2017-01-19T08:09:35+11:00   c221bd56fceec1e1ef48508abe977f26
  production: 2016-10-17T13:20:54+11:00
  uat: 2017-02-08T21:54:59+11:00
templates/404.liquid:
  development: 2017-01-19T08:09:35+11:00   fb17fef2a1f4289f47d3134ed059427a
  production: 2016-10-17T13:20:54+11:00
  uat: 2017-02-08T21:54:59+11:00
templates/article.liquid:
  development: 2017-01-19T08:09:35+11:00   89af0403543a93e74a1b82c91749a79f
  production: 2016-10-17T13:20:54+11:00
  uat: 2017-02-08T21:54:59+11:00
templates/blog.liquid:
  development: 2017-01-19T08:09:35+11:00   04be17f42ce0ddd960746b6b68c229fb
  production: 2016-10-17T13:20:54+11:00
  uat: 2017-02-08T21:54:59+11:00
templates/cart.liquid:
  development: 2017-01-19T08:09:35+11:00   2d38f0aac0be8bfa9c4c2d81e4488a44
  production: 2016-10-17T13:20:54+11:00
  uat: 2017-02-08T21:54:59+11:00
templates/collection.liquid:
  development: 2017-02-06T22:44:58+11:00   135727ce6a80f95bc823d05cf20ce82b
  production: 2017-06-14T17:53:52+10:00
  uat: 2017-02-08T21:54:59+11:00
templates/customers/account.liquid:
  development: 2017-01-19T08:09:35+11:00   0cffe467cbc6c9563313c7382b2f3f3e
  production: 2016-10-17T13:20:54+11:00
  uat: 2017-02-08T21:54:59+11:00
templates/customers/activate_account.liquid:
  development: 2017-01-19T08:09:35+11:00   56ecc3c65035d5673da5550ba85ea0ec
  production: 2016-10-17T13:20:54+11:00
  uat: 2017-02-08T21:54:59+11:00
templates/customers/addresses.liquid:
  development: 2017-01-19T08:09:35+11:00   98fa53633ca10d9e4b6e12825e853e43
  production: 2016-10-17T13:20:54+11:00
  uat: 2017-02-08T21:54:59+11:00
templates/customers/login.liquid:
  development: 2017-01-19T08:09:35+11:00   1710b05937ac69f66b301b15b1f07f19
  production: 2016-10-17T13:20:54+11:00
  uat: 2017-02-08T21:54:59+11:00
templates/customers/order.liquid:
  development: 2017-01-19T08:09:35+11:00   28963aabe840eacc73e03883ebdfc932
  production: 2016-10-17T13:20:54+11:00
  uat: 2017-02-08T21:54:59+11:00
templates/customers/register.liquid:
  development: 2017-01-19T08:09:35+11:00   4f3a71559ea947ddcefe6939e05de0a5
  production: 2016-10-17T13:20:54+11:00
  uat: 2017-02-08T21:54:59+11:00
templates/customers/reset_password.liquid:
  development: 2017-01-19T08:09:35+11:00   d0b7e47abcfa0ad31db0bfceec7af7e0
  production: 2016-10-17T13:20:54+11:00
  uat: 2017-02-08T21:54:59+11:00
templates/gift_card.liquid:
  development: 2017-01-19T08:09:35+11:00   6a564471ce8929f8d1fc75beaeb4b198
  production: 2016-10-17T13:20:54+11:00
  uat: 2017-02-08T21:54:59+11:00
templates/index.liquid:
  development: 2017-01-19T08:09:35+11:00   adb53cdfb6c83635cca8d5303f92ca63
  production: 2016-10-17T13:20:54+11:00
  uat: 2017-02-08T21:54:59+11:00
templates/list-collections.liquid:
  development: 2017-01-19T08:09:35+11:00   415ed3ee8883148890a0a04a8cbdca9f
  production: 2016-10-17T13:20:54+11:00
  uat: 2017-02-08T21:54:59+11:00
templates/page.contact.liquid:
  development: 2017-01-19T08:09:35+11:00   e2e5e35c5ae87c75502c9af89db015c8
  production: 2016-10-17T13:20:54+11:00
  uat: 2017-02-08T21:54:59+11:00
templates/page.faqs.liquid:
  development: 2017-06-21T19:05:50+10:00   4ae0111e0402bc2785656f5040277aa9
  production: 2017-06-21T19:06:39+10:00
  uat: 2017-06-21T19:07:55+10:00
templates/page.full-browser.liquid:
  development: 2017-01-19T08:09:35+11:00   568ff4b1cb0cad2830ec8a7fd5d2b0e5
  production: 2016-10-17T13:20:54+11:00
  uat: 2017-02-08T21:55:00+11:00
templates/page.liquid:
  development: 2017-01-19T08:09:35+11:00   69feeb85f2bba1a51d663984a7293970
  production: 2016-10-17T13:20:54+11:00
  uat: 2017-02-08T21:55:00+11:00
templates/page.thin.liquid:
  development: 2017-01-19T08:09:35+11:00   6775b2a22c8d43c2c987a55fae6e6745
  production: 2016-10-17T13:20:54+11:00
  uat: 2017-02-08T21:55:00+11:00
templates/password.liquid:
  development: 2017-01-19T08:09:35+11:00   3d54893cfe2267d56aa97cf0297ad49a
  production: 2016-10-17T13:20:55+11:00
  uat: 2017-02-08T21:55:00+11:00
templates/product.customizable.liquid:
  development: 2017-01-19T08:09:35+11:00   e1d6636e771f9adf9b48a71998459f93
  production: 2016-11-14T22:04:53+11:00
  uat: 2017-02-08T21:55:00+11:00
templates/product.liquid:
  development: 2017-02-06T21:45:41+11:00   eda17e312697876ad3a6f533e06538c8
  production: 2017-06-14T17:54:07+10:00
  uat: 2017-02-08T21:55:00+11:00
templates/product.quick.liquid:
  development: 2017-01-19T08:09:35+11:00   72f0f176118d7c38a44c7b1190068af0
  production: 2016-10-17T13:20:55+11:00
  uat: 2017-02-08T21:55:00+11:00
templates/search.liquid:
  development: 2017-01-19T08:09:35+11:00   b4c12bf19ce21dc6444c3013a44b229b
  production: 2016-10-17T13:20:55+11:00
  uat: 2017-02-08T21:55:00+11:00
